Microsoft Visual Studio Solution File, Format Version 8.00
Project("{8BC9CEB8-8B4A-11D0-8D11-00A0C91BC942}") = "select", "select.vcproj", "{D62B8476-63A5-44C6-9932-9FB2855EBED9}"
	ProjectSection(ProjectDependencies) = postProject
	EndProjectSection
EndProject
Project("{8BC9CEB8-8B4A-11D0-8D11-00A0C91BC942}") = "parameters", "parameters.vcproj", "{D62B8476-63A5-44C6-9932-9FB2855EBED9}"
	ProjectSection(ProjectDependencies) = postProject
	EndProjectSection
EndProject
Project("{8BC9CEB8-8B4A-11D0-8D11-00A0C91BC942}") = "exec", "exec.vcproj", "{D62B8476-63A5-44C6-9932-9FB2855EBED9}"
	ProjectSection(ProjectDependencies) = postProject
	EndProjectSection
EndProject
Project("{8BC9CEB8-8B4A-11D0-8D11-00A0C91BC942}") = "create", "create.vcproj", "{D62B8476-63A5-44C6-9932-9FB2855EBED9}"
	ProjectSection(ProjectDependencies) = postProject
	EndProjectSection
EndProject
Project("{8BC9CEB8-8B4A-11D0-8D11-00A0C91BC942}") = "columns", "columns.vcproj", "{D62B8476-63A5-44C6-9932-9FB2855EBED9}"
	ProjectSection(ProjectDependencies) = postProject
	EndProjectSection
EndProject
Project("{8BC9CEB8-8B4A-11D0-8D11-00A0C91BC942}") = "authorizer", "authorizer.vcproj", "{D62B8476-63A5-44C6-9932-9FB2855EBED9}"
	ProjectSection(ProjectDependencies) = postProject
	EndProjectSection
EndProject
Global
	GlobalSection(SolutionConfiguration) = preSolution
		Debug = Debug
		Release = Release
	EndGlobalSection
	GlobalSection(ProjectConfiguration) = postSolution
		{D62B8476-63A5-44C6-9932-9FB2855EBED9}.Debug.ActiveCfg = Debug|Win32
		{D62B8476-63A5-44C6-9932-9FB2855EBED9}.Debug.Build.0 = Debug|Win32
		{D62B8476-63A5-44C6-9932-9FB2855EBED9}.Release.ActiveCfg = Release|Win32
		{D62B8476-63A5-44C6-9932-9FB2855EBED9}.Release.Build.0 = Release|Win32
		{D62B8476-63A5-44C6-9932-9FB2855EBED9}.Debug.ActiveCfg = Debug|Win32
		{D62B8476-63A5-44C6-9932-9FB2855EBED9}.Debug.Build.0 = Debug|Win32
		{D62B8476-63A5-44C6-9932-9FB2855EBED9}.Release.ActiveCfg = Release|Win32
		{D62B8476-63A5-44C6-9932-9FB2855EBED9}.Release.Build.0 = Release|Win32
		{D62B8476-63A5-44C6-9932-9FB2855EBED9}.Debug.ActiveCfg = Debug|Win32
		{D62B8476-63A5-44C6-9932-9FB2855EBED9}.Debug.Build.0 = Debug|Win32
		{D62B8476-63A5-44C6-9932-9FB2855EBED9}.Release.ActiveCfg = Release|Win32
		{D62B8476-63A5-44C6-9932-9FB2855EBED9}.Release.Build.0 = Release|Win32
		{D62B8476-63A5-44C6-9932-9FB2855EBED9}.Debug.ActiveCfg = Debug|Win32
		{D62B8476-63A5-44C6-9932-9FB2855EBED9}.Debug.Build.0 = Debug|Win32
		{D62B8476-63A5-44C6-9932-9FB2855EBED9}.Release.ActiveCfg = Release|Win32
		{D62B8476-63A5-44C6-9932-9FB2855EBED9}.Release.Build.0 = Release|Win32
		{D62B8476-63A5-44C6-9932-9FB2855EBED9}.Debug.ActiveCfg = Debug|Win32
		{D62B8476-63A5-44C6-9932-9FB2855EBED9}.Debug.Build.0 = Debug|Win32
		{D62B8476-63A5-44C6-9932-9FB2855EBED9}.Release.ActiveCfg = Release|Win32
		{D62B8476-63A5-44C6-9932-9FB2855EBED9}.Release.Build.0 = Release|Win32
		{D62B8476-63A5-44C6-9932-9FB2855EBED9}.Debug.ActiveCfg = Debug|Win32
		{D62B8476-63A5-44C6-9932-9FB2855EBED9}.Debug.Build.0 = Debug|Win32
		{D62B8476-63A5-44C6-9932-9FB2855EBED9}.Release.ActiveCfg = Release|Win32
		{D62B8476-63A5-44C6-9932-9FB2855EBED9}.Release.Build.0 = Release|Win32
	EndGlobalSection
	GlobalSection(ExtensibilityGlobals) = postSolution
	EndGlobalSection
	GlobalSection(ExtensibilityAddIns) = postSolution
	EndGlobalSection
EndGlobal
